
Microsoft Visual Studio Solution File, Format Version 12.00
# Visual Studio 14
VisualStudioVersion = 14.0.23107.0
MinimumVisualStudioVersion = 10.0.40219.1
Project("{FAE04EC0-301F-11D3-BF4B-00C04F79EFBC}") = "PIDOTNET", "PIDOTNET\PIDOTNET.csproj", "{B9F16395-6121-4813-A434-D48D5BF80858}"
EndProject
Project("{FAE04EC0-301F-11D3-BF4B-00C04F79EFBC}") = "PIDOTNET.DATA", "PIDOTNET.DATA\PIDOTNET.DATA.csproj", "{22D6E0F6-8453-443B-A8D8-2280C84DA9F2}"
EndProject
Project("{FAE04EC0-301F-11D3-BF4B-00C04F79EFBC}") = "PIDOTNET.DOMAIN", "PIDOTNET.DOMAIN\PIDOTNET.DOMAIN.csproj", "{C834FB5A-5578-4448-80FE-DBF50E2A0BFD}"
EndProject
Project("{FAE04EC0-301F-11D3-BF4B-00C04F79EFBC}") = "PIDOTNET.SERVICE", "PIDOTNET.SERVICE\PIDOTNET.SERVICE.csproj", "{054742C1-B6F9-41C3-A9C9-AA9AB918B8AE}"
EndProject
Project("{FAE04EC0-301F-11D3-BF4B-00C04F79EFBC}") = "PIDOTNET.SERVICEPATTERN", "PIDOTNET.SERVICEPATTERN\PIDOTNET.SERVICEPATTERN.csproj", "{09C572B6-4BDC-4EB9-B3F4-3A77FBF4CAAD}"
EndProject
Project("{FAE04EC0-301F-11D3-BF4B-00C04F79EFBC}") = "PIDOTNET.WEB", "PIDOTNET.WEB\PIDOTNET.WEB.csproj", "{067BA5DC-10F7-448E-A14F-1EA3144A37D4}"
EndProject
Global
	GlobalSection(SolutionConfigurationPlatforms) = preSolution
		Debug|Any CPU = Debug|Any CPU
		Release|Any CPU = Release|Any CPU
	EndGlobalSection
	GlobalSection(ProjectConfigurationPlatforms) = postSolution
		{B9F16395-6121-4813-A434-D48D5BF80858}.Debug|Any CPU.ActiveCfg = Debug|Any CPU
		{B9F16395-6121-4813-A434-D48D5BF80858}.Debug|Any CPU.Build.0 = Debug|Any CPU
		{B9F16395-6121-4813-A434-D48D5BF80858}.Release|Any CPU.ActiveCfg = Release|Any CPU
		{B9F16395-6121-4813-A434-D48D5BF80858}.Release|Any CPU.Build.0 = Release|Any CPU
		{22D6E0F6-8453-443B-A8D8-2280C84DA9F2}.Debug|Any CPU.ActiveCfg = Debug|Any CPU
		{22D6E0F6-8453-443B-A8D8-2280C84DA9F2}.Debug|Any CPU.Build.0 = Debug|Any CPU
		{22D6E0F6-8453-443B-A8D8-2280C84DA9F2}.Release|Any CPU.ActiveCfg = Release|Any CPU
		{22D6E0F6-8453-443B-A8D8-2280C84DA9F2}.Release|Any CPU.Build.0 = Release|Any CPU
		{C834FB5A-5578-4448-80FE-DBF50E2A0BFD}.Debug|Any CPU.ActiveCfg = Debug|Any CPU
		{C834FB5A-5578-4448-80FE-DBF50E2A0BFD}.Debug|Any CPU.Build.0 = Debug|Any CPU
		{C834FB5A-5578-4448-80FE-DBF50E2A0BFD}.Release|Any CPU.ActiveCfg = Release|Any CPU
		{C834FB5A-5578-4448-80FE-DBF50E2A0BFD}.Release|Any CPU.Build.0 = Release|Any CPU
		{054742C1-B6F9-41C3-A9C9-AA9AB918B8AE}.Debug|Any CPU.ActiveCfg = Debug|Any CPU
		{054742C1-B6F9-41C3-A9C9-AA9AB918B8AE}.Debug|Any CPU.Build.0 = Debug|Any CPU
		{054742C1-B6F9-41C3-A9C9-AA9AB918B8AE}.Release|Any CPU.ActiveCfg = Release|Any CPU
		{054742C1-B6F9-41C3-A9C9-AA9AB918B8AE}.Release|Any CPU.Build.0 = Release|Any CPU
		{09C572B6-4BDC-4EB9-B3F4-3A77FBF4CAAD}.Debug|Any CPU.ActiveCfg = Debug|Any CPU
		{09C572B6-4BDC-4EB9-B3F4-3A77FBF4CAAD}.Debug|Any CPU.Build.0 = Debug|Any CPU
		{09C572B6-4BDC-4EB9-B3F4-3A77FBF4CAAD}.Release|Any CPU.ActiveCfg = Release|Any CPU
		{09C572B6-4BDC-4EB9-B3F4-3A77FBF4CAAD}.Release|Any CPU.Build.0 = Release|Any CPU
		{067BA5DC-10F7-448E-A14F-1EA3144A37D4}.Debug|Any CPU.ActiveCfg = Debug|Any CPU
		{067BA5DC-10F7-448E-A14F-1EA3144A37D4}.Debug|Any CPU.Build.0 = Debug|Any CPU
		{067BA5DC-10F7-448E-A14F-1EA3144A37D4}.Release|Any CPU.ActiveCfg = Release|Any CPU
		{067BA5DC-10F7-448E-A14F-1EA3144A37D4}.Release|Any CPU.Build.0 = Release|Any CPU
	EndGlobalSection
	GlobalSection(SolutionProperties) = preSolution
		HideSolutionNode = FALSE
	EndGlobalSection
EndGlobal
